
Microsoft Visual Studio Solution File, Format Version 12.00
# Visual Studio Version 16
VisualStudioVersion = 16.0.29306.81
MinimumVisualStudioVersion = 10.0.40219.1
Project("{FAE04EC0-301F-11D3-BF4B-00C04F79EFBC}") = "FirePiercer", "FirePiercer\FirePiercer.csproj", "{29697B57-0733-4732-A5C0-33AB31B43802}"
EndProject
Project("{9A19103F-16F7-4668-BE54-9A1E7A4F7556}") = "FirePiercerServer", "FirePiercerServer\FirePiercerServer.csproj", "{6B9C5E63-AF50-49CA-87B4-19C0F97CE84F}"
EndProject
Project("{9A19103F-16F7-4668-BE54-9A1E7A4F7556}") = "sonesson-toolsNETSTANDARD", "..\..\..\Repos\sonesson-tools\sonesson-toolsNETSTANDARD.csproj", "{0B694BCB-6F7D-47C7-BDD0-1EA14F3D8E85}"
EndProject
Project("{FAE04EC0-301F-11D3-BF4B-00C04F79EFBC}") = "FirePiercerCommon", "FirePiercerCommon\FirePiercerCommon.csproj", "{1256D81D-70A9-4AC9-A759-D7A67031C65A}"
EndProject
Global
	GlobalSection(SolutionConfigurationPlatforms) = preSolution
		Debug|Any CPU = Debug|Any CPU
		Release|Any CPU = Release|Any CPU
	EndGlobalSection
	GlobalSection(ProjectConfigurationPlatforms) = postSolution
		{29697B57-0733-4732-A5C0-33AB31B43802}.Debug|Any CPU.ActiveCfg = Debug|Any CPU
		{29697B57-0733-4732-A5C0-33AB31B43802}.Debug|Any CPU.Build.0 = Debug|Any CPU
		{29697B57-0733-4732-A5C0-33AB31B43802}.Release|Any CPU.ActiveCfg = Release|Any CPU
		{29697B57-0733-4732-A5C0-33AB31B43802}.Release|Any CPU.Build.0 = Release|Any CPU
		{6B9C5E63-AF50-49CA-87B4-19C0F97CE84F}.Debug|Any CPU.ActiveCfg = Debug|Any CPU
		{6B9C5E63-AF50-49CA-87B4-19C0F97CE84F}.Debug|Any CPU.Build.0 = Debug|Any CPU
		{6B9C5E63-AF50-49CA-87B4-19C0F97CE84F}.Release|Any CPU.ActiveCfg = Release|Any CPU
		{6B9C5E63-AF50-49CA-87B4-19C0F97CE84F}.Release|Any CPU.Build.0 = Release|Any CPU
		{0B694BCB-6F7D-47C7-BDD0-1EA14F3D8E85}.Debug|Any CPU.ActiveCfg = Debug|Any CPU
		{0B694BCB-6F7D-47C7-BDD0-1EA14F3D8E85}.Debug|Any CPU.Build.0 = Debug|Any CPU
		{0B694BCB-6F7D-47C7-BDD0-1EA14F3D8E85}.Release|Any CPU.ActiveCfg = Release|Any CPU
		{0B694BCB-6F7D-47C7-BDD0-1EA14F3D8E85}.Release|Any CPU.Build.0 = Release|Any CPU
		{1256D81D-70A9-4AC9-A759-D7A67031C65A}.Debug|Any CPU.ActiveCfg = Debug|Any CPU
		{1256D81D-70A9-4AC9-A759-D7A67031C65A}.Debug|Any CPU.Build.0 = Debug|Any CPU
		{1256D81D-70A9-4AC9-A759-D7A67031C65A}.Release|Any CPU.ActiveCfg = Release|Any CPU
		{1256D81D-70A9-4AC9-A759-D7A67031C65A}.Release|Any CPU.Build.0 = Release|Any CPU
	EndGlobalSection
	GlobalSection(SolutionProperties) = preSolution
		HideSolutionNode = FALSE
	EndGlobalSection
	GlobalSection(ExtensibilityGlobals) = postSolution
		SolutionGuid = {36622C9C-D8B1-4DB7-9049-5B9240433E84}
	EndGlobalSection
EndGlobal
